<?xml version="1.0" encoding="utf-8"?>
<Project ToolsVersion="4.0" xmlns="http://schemas.microsoft.com/developer/msbuild/2003">
  <ItemGroup>
    <Filter Include="Source Files">
      <UniqueIdentifier>{4FC737F1-C7A5-4376-A066-2A32D752A2FF}</UniqueIdentifier>
      <Extensions>cpp;cxx;c;def</Extensions>
    </Filter>
    <Filter Include="Header Files">
      <UniqueIdentifier>{93995380-89BD-4b04-88EB-625FBE52EBFB}</UniqueIdentifier>
      <Extensions>h</Extensions>
    </Filter>
    <Filter Include="Form Files">
      <UniqueIdentifier>{99349809-55BA-4b9d-BF79-8FDBB0286EB3}</UniqueIdentifier>
      <Extensions>ui</Extensions>
    </Filter>
    <Filter Include="Resource Files">
      <UniqueIdentifier>{D9D6E242-F8AF-46E4-B9FD-80ECBC20BA3E}</UniqueIdentifier>
      <Extensions>qrc;*</Extensions>
      <ParseFiles>false</ParseFiles>
    </Filter>
    <Filter Include="Generated Files">
      <UniqueIdentifier>{71ED8ED8-ACB9-4CE9-BBE1-E00B30144E11}</UniqueIdentifier>
      <Extensions>moc;h;cpp</Extensions>
      <SourceControlFiles>False</SourceControlFiles>
    </Filter>
    <Filter Include="Generated Files\Debug">
      <UniqueIdentifier>{15af249a-9aa3-4622-9899-5b595135f1ec}</UniqueIdentifier>
      <Extensions>cpp;moc</Extensions>
      <SourceControlFiles>False</SourceControlFiles>
    </Filter>
    <Filter Include="Generated Files\Release">
      <UniqueIdentifier>{f4cb2f8c-a631-48f4-94ba-5b6d64e2e546}</UniqueIdentifier>
      <Extensions>cpp;moc</Extensions>
      <SourceControlFiles>False</SourceControlFiles>
    </Filter>
    <Filter Include="Header Files\ui">
      <UniqueIdentifier>{ff940b08-a488-4d44-b946-0dfe82176e1e}</UniqueIdentifier>
    </Filter>
    <Filter Include="Source Files\ui">
      <UniqueIdentifier>{a249edca-fe9c-425d-88f7-2b5140b7f40f}</UniqueIdentifier>
    </Filter>
    <Filter Include="Header Files\dao">
      <UniqueIdentifier>{f14ab3a7-6b8b-423c-8aae-cc0c2269fe1d}</UniqueIdentifier>
    </Filter>
    <Filter Include="Header Files\hal">
      <UniqueIdentifier>{7f21e4cd-9110-4d5a-ae5d-e62f5b87f8a2}</UniqueIdentifier>
    </Filter>
    <Filter Include="Header Files\netinterface">
      <UniqueIdentifier>{663930c4-7c78-4a12-88d7-c607abeff328}</UniqueIdentifier>
    </Filter>
    <Filter Include="Source Files\dao">
      <UniqueIdentifier>{fd108458-3395-4482-a18f-1063629a505f}</UniqueIdentifier>
    </Filter>
    <Filter Include="Source Files\hal">
      <UniqueIdentifier>{126f203a-e763-4fb6-a70a-a26658b0d6d5}</UniqueIdentifier>
    </Filter>
    <Filter Include="Source Files\netinterface">
      <UniqueIdentifier>{749f847f-8476-4df2-9263-40c0e5c7b2bc}</UniqueIdentifier>
    </Filter>
    <Filter Include="Source Files\tools">
      <UniqueIdentifier>{11ec3000-d502-40ab-ba15-a5ef2a1c075a}</UniqueIdentifier>
    </Filter>
    <Filter Include="Header Files\tools">
      <UniqueIdentifier>{48347e23-79fb-4e19-a00b-6f75b8430d62}</UniqueIdentifier>
    </Filter>
  </ItemGroup>
  <ItemGroup>
    <CustomBuild Include="ui\mainformbadpcs.ui">
      <Filter>Form Files</Filter>
    </CustomBuild>
    <CustomBuild Include="ui\mainformdevinfo.ui">
      <Filter>Form Files</Filter>
    </CustomBuild>
    <CustomBuild Include="ui\mainformfirst.ui">
      <Filter>Form Files</Filter>
    </CustomBuild>
    <CustomBuild Include="ui\mainformordermanagement.ui">
      <Filter>Form Files</Filter>
    </CustomBuild>
    <CustomBuild Include="ui\mainformprocessparameters.ui">
      <Filter>Form Files</Filter>
    </CustomBuild>
    <CustomBuild Include="ui\mainformsystemset.ui">
      <Filter>Form Files</Filter>
    </CustomBuild>
    <CustomBuild Include="ui\mainwindow.ui">
      <Filter>Form Files</Filter>
    </CustomBuild>
    <CustomBuild Include="ui\mainformbadpcs.h">
      <Filter>Header Files\ui</Filter>
    </CustomBuild>
    <CustomBuild Include="ui\mainformdevinfo.h">
      <Filter>Header Files\ui</Filter>
    </CustomBuild>
    <CustomBuild Include="ui\mainformfirst.h">
      <Filter>Header Files\ui</Filter>
    </CustomBuild>
    <CustomBuild Include="ui\mainformordermanagement.h">
      <Filter>Header Files\ui</Filter>
    </CustomBuild>
    <CustomBuild Include="ui\mainformprocessparameters.h">
      <Filter>Header Files\ui</Filter>
    </CustomBuild>
    <CustomBuild Include="ui\mainformsystemset.h">
      <Filter>Header Files\ui</Filter>
    </CustomBuild>
    <CustomBuild Include="ui\mainwindow.h">
      <Filter>Header Files\ui</Filter>
    </CustomBuild>
    <CustomBuild Include="app.qrc">
      <Filter>Resource Files</Filter>
    </CustomBuild>
    <CustomBuild Include="application.h">
      <Filter>Header Files</Filter>
    </CustomBuild>
    <CustomBuild Include="hal\halserialrs232.h">
      <Filter>Header Files\hal</Filter>
    </CustomBuild>
    <CustomBuild Include="hal\servicedicycle.h">
      <Filter>Header Files\hal</Filter>
    </CustomBuild>
    <CustomBuild Include="netinterface\mesmqttclient.h">
      <Filter>Header Files\netinterface</Filter>
    </CustomBuild>
    <CustomBuild Include="netinterface\mesmsghandler.h">
      <Filter>Header Files\netinterface</Filter>
    </CustomBuild>
    <CustomBuild Include="tools\syslog.h">
      <Filter>Header Files\tools</Filter>
    </CustomBuild>
  </ItemGroup>
  <ItemGroup>
    <ClInclude Include="GeneratedFiles\ui_mainformbadpcs.h">
      <Filter>Generated Files</Filter>
    </ClInclude>
    <ClInclude Include="GeneratedFiles\ui_mainformdevinfo.h">
      <Filter>Generated Files</Filter>
    </ClInclude>
    <ClInclude Include="GeneratedFiles\ui_mainformfirst.h">
      <Filter>Generated Files</Filter>
    </ClInclude>
    <ClInclude Include="GeneratedFiles\ui_mainformordermanagement.h">
      <Filter>Generated Files</Filter>
    </ClInclude>
    <ClInclude Include="GeneratedFiles\ui_mainformprocessparameters.h">
      <Filter>Generated Files</Filter>
    </ClInclude>
    <ClInclude Include="GeneratedFiles\ui_mainformsystemset.h">
      <Filter>Generated Files</Filter>
    </ClInclude>
    <ClInclude Include="GeneratedFiles\ui_mainwindow.h">
      <Filter>Generated Files</Filter>
    </ClInclude>
    <ClInclude Include="dao\mesdispatchorder.h">
      <Filter>Header Files\dao</Filter>
    </ClInclude>
    <ClInclude Include="dao\pushmsg.h">
      <Filter>Header Files\dao</Filter>
    </ClInclude>
    <ClInclude Include="dao\sqlitebasehelper.h">
      <Filter>Header Files\dao</Filter>
    </ClInclude>
    <ClInclude Include="dao\sqliteopenhelper.h">
      <Filter>Header Files\dao</Filter>
    </ClInclude>
    <ClInclude Include="netinterface\mespacket.h">
      <Filter>Header Files\netinterface</Filter>
    </ClInclude>
    <ClInclude Include="tools\mestools.h">
      <Filter>Header Files\tools</Filter>
    </ClInclude>
    <ClInclude Include="tools\MQTTClient.h">
      <Filter>Header Files\tools</Filter>
    </ClInclude>
    <ClInclude Include="tools\MQTTClientPersistence.h">
      <Filter>Header Files\tools</Filter>
    </ClInclude>
  </ItemGroup>
  <ItemGroup>
    <ClCompile Include="GeneratedFiles\Debug\moc_mainformbadpcs.cpp">
      <Filter>Generated Files\Debug</Filter>
    </ClCompile>
    <ClCompile Include="GeneratedFiles\Release\moc_mainformbadpcs.cpp">
      <Filter>Generated Files\Release</Filter>
    </ClCompile>
    <ClCompile Include="GeneratedFiles\Debug\moc_mainformdevinfo.cpp">
      <Filter>Generated Files\Debug</Filter>
    </ClCompile>
    <ClCompile Include="GeneratedFiles\Release\moc_mainformdevinfo.cpp">
      <Filter>Generated Files\Release</Filter>
    </ClCompile>
    <ClCompile Include="GeneratedFiles\Debug\moc_mainformfirst.cpp">
      <Filter>Generated Files\Debug</Filter>
    </ClCompile>
    <ClCompile Include="GeneratedFiles\Release\moc_mainformfirst.cpp">
      <Filter>Generated Files\Release</Filter>
    </ClCompile>
    <ClCompile Include="GeneratedFiles\Debug\moc_mainformordermanagement.cpp">
      <Filter>Generated Files\Debug</Filter>
    </ClCompile>
    <ClCompile Include="GeneratedFiles\Release\moc_mainformordermanagement.cpp">
      <Filter>Generated Files\Release</Filter>
    </ClCompile>
    <ClCompile Include="GeneratedFiles\Debug\moc_mainformprocessparameters.cpp">
      <Filter>Generated Files\Debug</Filter>
    </ClCompile>
    <ClCompile Include="GeneratedFiles\Release\moc_mainformprocessparameters.cpp">
      <Filter>Generated Files\Release</Filter>
    </ClCompile>
    <ClCompile Include="GeneratedFiles\Debug\moc_mainformsystemset.cpp">
      <Filter>Generated Files\Debug</Filter>
    </ClCompile>
    <ClCompile Include="GeneratedFiles\Release\moc_mainformsystemset.cpp">
      <Filter>Generated Files\Release</Filter>
    </ClCompile>
    <ClCompile Include="GeneratedFiles\Debug\moc_mainwindow.cpp">
      <Filter>Generated Files\Debug</Filter>
    </ClCompile>
    <ClCompile Include="GeneratedFiles\Release\moc_mainwindow.cpp">
      <Filter>Generated Files\Release</Filter>
    </ClCompile>
    <ClCompile Include="GeneratedFiles\qrc_app.cpp">
      <Filter>Generated Files</Filter>
    </ClCompile>
    <ClCompile Include="ui\mainformbadpcs.cpp">
      <Filter>Source Files\ui</Filter>
    </ClCompile>
    <ClCompile Include="ui\mainformdevinfo.cpp">
      <Filter>Source Files\ui</Filter>
    </ClCompile>
    <ClCompile Include="ui\mainformfirst.cpp">
      <Filter>Source Files\ui</Filter>
    </ClCompile>
    <ClCompile Include="ui\mainformordermanagement.cpp">
      <Filter>Source Files\ui</Filter>
    </ClCompile>
    <ClCompile Include="ui\mainformprocessparameters.cpp">
      <Filter>Source Files\ui</Filter>
    </ClCompile>
    <ClCompile Include="ui\mainformsystemset.cpp">
      <Filter>Source Files\ui</Filter>
    </ClCompile>
    <ClCompile Include="ui\mainwindow.cpp">
      <Filter>Source Files\ui</Filter>
    </ClCompile>
    <ClCompile Include="application.cpp">
      <Filter>Source Files</Filter>
    </ClCompile>
    <ClCompile Include="main.cpp">
      <Filter>Source Files</Filter>
    </ClCompile>
    <ClCompile Include="GeneratedFiles\Debug\moc_application.cpp">
      <Filter>Generated Files\Debug</Filter>
    </ClCompile>
    <ClCompile Include="GeneratedFiles\Release\moc_application.cpp">
      <Filter>Generated Files\Release</Filter>
    </ClCompile>
    <ClCompile Include="dao\mesdispatchorder.cpp">
      <Filter>Source Files\dao</Filter>
    </ClCompile>
    <ClCompile Include="dao\sqlitebasehelper.cpp">
      <Filter>Source Files\dao</Filter>
    </ClCompile>
    <ClCompile Include="dao\sqliteopenhelper.cpp">
      <Filter>Source Files\dao</Filter>
    </ClCompile>
    <ClCompile Include="GeneratedFiles\Debug\moc_halserialrs232.cpp">
      <Filter>Generated Files\Debug</Filter>
    </ClCompile>
    <ClCompile Include="GeneratedFiles\Release\moc_halserialrs232.cpp">
      <Filter>Generated Files\Release</Filter>
    </ClCompile>
    <ClCompile Include="GeneratedFiles\Debug\moc_servicedicycle.cpp">
      <Filter>Generated Files\Debug</Filter>
    </ClCompile>
    <ClCompile Include="GeneratedFiles\Release\moc_servicedicycle.cpp">
      <Filter>Generated Files\Release</Filter>
    </ClCompile>
    <ClCompile Include="hal\halserialrs232.cpp">
      <Filter>Source Files\hal</Filter>
    </ClCompile>
    <ClCompile Include="hal\servicedicycle.cpp">
      <Filter>Source Files\hal</Filter>
    </ClCompile>
    <ClCompile Include="netinterface\mesmqttclient.cpp">
      <Filter>Source Files\netinterface</Filter>
    </ClCompile>
    <ClCompile Include="netinterface\mesmsghandler.cpp">
      <Filter>Source Files\netinterface</Filter>
    </ClCompile>
    <ClCompile Include="netinterface\mespacket.cpp">
      <Filter>Source Files\netinterface</Filter>
    </ClCompile>
    <ClCompile Include="GeneratedFiles\Debug\moc_mesmqttclient.cpp">
      <Filter>Generated Files\Debug</Filter>
    </ClCompile>
    <ClCompile Include="GeneratedFiles\Release\moc_mesmqttclient.cpp">
      <Filter>Generated Files\Release</Filter>
    </ClCompile>
    <ClCompile Include="GeneratedFiles\Debug\moc_mesmsghandler.cpp">
      <Filter>Generated Files\Debug</Filter>
    </ClCompile>
    <ClCompile Include="GeneratedFiles\Release\moc_mesmsghandler.cpp">
      <Filter>Generated Files\Release</Filter>
    </ClCompile>
    <ClCompile Include="GeneratedFiles\Debug\moc_syslog.cpp">
      <Filter>Generated Files\Debug</Filter>
    </ClCompile>
    <ClCompile Include="GeneratedFiles\Release\moc_syslog.cpp">
      <Filter>Generated Files\Release</Filter>
    </ClCompile>
    <ClCompile Include="tools\mestools.cpp">
      <Filter>Source Files\tools</Filter>
    </ClCompile>
    <ClCompile Include="tools\syslog.cpp">
      <Filter>Source Files\tools</Filter>
    </ClCompile>
  </ItemGroup>
  <ItemGroup>
    <Image Include="res\main_bk.png">
      <Filter>Resource Files</Filter>
    </Image>
    <Image Include="res\file2.png">
      <Filter>Resource Files</Filter>
    </Image>
  </ItemGroup>
</Project>